
Microsoft Visual Studio Solution File, Format Version 12.00
# Visual Studio 14
VisualStudioVersion = 14.0.25420.1
MinimumVisualStudioVersion = 10.0.40219.1
Project("{FAE04EC0-301F-11D3-BF4B-00C04F79EFBC}") = "PhoneDumpClient.Droid", "PhoneDumpClient\PhoneDumpClient.Droid\PhoneDumpClient.Droid.csproj", "{3D213AF1-3CB7-4403-86A2-CE2123D1D96B}"
EndProject
Project("{FAE04EC0-301F-11D3-BF4B-00C04F79EFBC}") = "PhoneDumpClient.iOS", "PhoneDumpClient\PhoneDumpClient.iOS\PhoneDumpClient.iOS.csproj", "{CD97A5AB-1B73-44C7-A88A-1F4BED5CC907}"
EndProject
Project("{FAE04EC0-301F-11D3-BF4B-00C04F79EFBC}") = "PhoneDumpClient.UWP", "PhoneDumpClient\PhoneDumpClient.UWP\PhoneDumpClient.UWP.csproj", "{BE3E3261-AC57-477B-ADAD-AAB17C1EA741}"
EndProject
Project("{FAE04EC0-301F-11D3-BF4B-00C04F79EFBC}") = "PhoneDumpClient", "PhoneDumpClient\PhoneDumpClient\PhoneDumpClient.csproj", "{83B6CF64-3CF4-4924-B218-36FA2D03BFAD}"
EndProject
Global
	GlobalSection(SolutionConfigurationPlatforms) = preSolution
		Ad-Hoc|Any CPU = Ad-Hoc|Any CPU
		Ad-Hoc|ARM = Ad-Hoc|ARM
		Ad-Hoc|iPhone = Ad-Hoc|iPhone
		Ad-Hoc|iPhoneSimulator = Ad-Hoc|iPhoneSimulator
		Ad-Hoc|x64 = Ad-Hoc|x64
		Ad-Hoc|x86 = Ad-Hoc|x86
		AppStore|Any CPU = AppStore|Any CPU
		AppStore|ARM = AppStore|ARM
		AppStore|iPhone = AppStore|iPhone
		AppStore|iPhoneSimulator = AppStore|iPhoneSimulator
		AppStore|x64 = AppStore|x64
		AppStore|x86 = AppStore|x86
		Debug|Any CPU = Debug|Any CPU
		Debug|ARM = Debug|ARM
		Debug|iPhone = Debug|iPhone
		Debug|iPhoneSimulator = Debug|iPhoneSimulator
		Debug|x64 = Debug|x64
		Debug|x86 = Debug|x86
		Release|Any CPU = Release|Any CPU
		Release|ARM = Release|ARM
		Release|iPhone = Release|iPhone
		Release|iPhoneSimulator = Release|iPhoneSimulator
		Release|x64 = Release|x64
		Release|x86 = Release|x86
	EndGlobalSection
	GlobalSection(ProjectConfigurationPlatforms) = postSolution
		{3D213AF1-3CB7-4403-86A2-CE2123D1D96B}.Ad-Hoc|Any CPU.ActiveCfg = Release|Any CPU
		{3D213AF1-3CB7-4403-86A2-CE2123D1D96B}.Ad-Hoc|Any CPU.Build.0 = Release|Any CPU
		{3D213AF1-3CB7-4403-86A2-CE2123D1D96B}.Ad-Hoc|Any CPU.Deploy.0 = Release|Any CPU
		{3D213AF1-3CB7-4403-86A2-CE2123D1D96B}.Ad-Hoc|ARM.ActiveCfg = Release|Any CPU
		{3D213AF1-3CB7-4403-86A2-CE2123D1D96B}.Ad-Hoc|ARM.Build.0 = Release|Any CPU
		{3D213AF1-3CB7-4403-86A2-CE2123D1D96B}.Ad-Hoc|ARM.Deploy.0 = Release|Any CPU
		{3D213AF1-3CB7-4403-86A2-CE2123D1D96B}.Ad-Hoc|iPhone.ActiveCfg = Release|Any CPU
		{3D213AF1-3CB7-4403-86A2-CE2123D1D96B}.Ad-Hoc|iPhone.Build.0 = Release|Any CPU
		{3D213AF1-3CB7-4403-86A2-CE2123D1D96B}.Ad-Hoc|iPhone.Deploy.0 = Release|Any CPU
		{3D213AF1-3CB7-4403-86A2-CE2123D1D96B}.Ad-Hoc|iPhoneSimulator.ActiveCfg = Release|Any CPU
		{3D213AF1-3CB7-4403-86A2-CE2123D1D96B}.Ad-Hoc|iPhoneSimulator.Build.0 = Release|Any CPU
		{3D213AF1-3CB7-4403-86A2-CE2123D1D96B}.Ad-Hoc|iPhoneSimulator.Deploy.0 = Release|Any CPU
		{3D213AF1-3CB7-4403-86A2-CE2123D1D96B}.Ad-Hoc|x64.ActiveCfg = Release|Any CPU
		{3D213AF1-3CB7-4403-86A2-CE2123D1D96B}.Ad-Hoc|x64.Build.0 = Release|Any CPU
		{3D213AF1-3CB7-4403-86A2-CE2123D1D96B}.Ad-Hoc|x64.Deploy.0 = Release|Any CPU
		{3D213AF1-3CB7-4403-86A2-CE2123D1D96B}.Ad-Hoc|x86.ActiveCfg = Release|Any CPU
		{3D213AF1-3CB7-4403-86A2-CE2123D1D96B}.Ad-Hoc|x86.Build.0 = Release|Any CPU
		{3D213AF1-3CB7-4403-86A2-CE2123D1D96B}.Ad-Hoc|x86.Deploy.0 = Release|Any CPU
		{3D213AF1-3CB7-4403-86A2-CE2123D1D96B}.AppStore|Any CPU.ActiveCfg = Release|Any CPU
		{3D213AF1-3CB7-4403-86A2-CE2123D1D96B}.AppStore|Any CPU.Build.0 = Release|Any CPU
		{3D213AF1-3CB7-4403-86A2-CE2123D1D96B}.AppStore|Any CPU.Deploy.0 = Release|Any CPU
		{3D213AF1-3CB7-4403-86A2-CE2123D1D96B}.AppStore|ARM.ActiveCfg = Release|Any CPU
		{3D213AF1-3CB7-4403-86A2-CE2123D1D96B}.AppStore|ARM.Build.0 = Release|Any CPU
		{3D213AF1-3CB7-4403-86A2-CE2123D1D96B}.AppStore|ARM.Deploy.0 = Release|Any CPU
		{3D213AF1-3CB7-4403-86A2-CE2123D1D96B}.AppStore|iPhone.ActiveCfg = Release|Any CPU
		{3D213AF1-3CB7-4403-86A2-CE2123D1D96B}.AppStore|iPhone.Build.0 = Release|Any CPU
		{3D213AF1-3CB7-4403-86A2-CE2123D1D96B}.AppStore|iPhone.Deploy.0 = Release|Any CPU
		{3D213AF1-3CB7-4403-86A2-CE2123D1D96B}.AppStore|iPhoneSimulator.ActiveCfg = Release|Any CPU
		{3D213AF1-3CB7-4403-86A2-CE2123D1D96B}.AppStore|iPhoneSimulator.Build.0 = Release|Any CPU
		{3D213AF1-3CB7-4403-86A2-CE2123D1D96B}.AppStore|iPhoneSimulator.Deploy.0 = Release|Any CPU
		{3D213AF1-3CB7-4403-86A2-CE2123D1D96B}.AppStore|x64.ActiveCfg = Release|Any CPU
		{3D213AF1-3CB7-4403-86A2-CE2123D1D96B}.AppStore|x64.Build.0 = Release|Any CPU
		{3D213AF1-3CB7-4403-86A2-CE2123D1D96B}.AppStore|x64.Deploy.0 = Release|Any CPU
		{3D213AF1-3CB7-4403-86A2-CE2123D1D96B}.AppStore|x86.ActiveCfg = Release|Any CPU
		{3D213AF1-3CB7-4403-86A2-CE2123D1D96B}.AppStore|x86.Build.0 = Release|Any CPU
		{3D213AF1-3CB7-4403-86A2-CE2123D1D96B}.AppStore|x86.Deploy.0 = Release|Any CPU
		{3D213AF1-3CB7-4403-86A2-CE2123D1D96B}.Debug|Any CPU.ActiveCfg = Debug|Any CPU
		{3D213AF1-3CB7-4403-86A2-CE2123D1D96B}.Debug|Any CPU.Build.0 = Debug|Any CPU
		{3D213AF1-3CB7-4403-86A2-CE2123D1D96B}.Debug|Any CPU.Deploy.0 = Debug|Any CPU
		{3D213AF1-3CB7-4403-86A2-CE2123D1D96B}.Debug|ARM.ActiveCfg = Debug|Any CPU
		{3D213AF1-3CB7-4403-86A2-CE2123D1D96B}.Debug|ARM.Build.0 = Debug|Any CPU
		{3D213AF1-3CB7-4403-86A2-CE2123D1D96B}.Debug|ARM.Deploy.0 = Debug|Any CPU
		{3D213AF1-3CB7-4403-86A2-CE2123D1D96B}.Debug|iPhone.ActiveCfg = Debug|Any CPU
		{3D213AF1-3CB7-4403-86A2-CE2123D1D96B}.Debug|iPhone.Build.0 = Debug|Any CPU
		{3D213AF1-3CB7-4403-86A2-CE2123D1D96B}.Debug|iPhone.Deploy.0 = Debug|Any CPU
		{3D213AF1-3CB7-4403-86A2-CE2123D1D96B}.Debug|iPhoneSimulator.ActiveCfg = Debug|Any CPU
		{3D213AF1-3CB7-4403-86A2-CE2123D1D96B}.Debug|iPhoneSimulator.Build.0 = Debug|Any CPU
		{3D213AF1-3CB7-4403-86A2-CE2123D1D96B}.Debug|iPhoneSimulator.Deploy.0 = Debug|Any CPU
		{3D213AF1-3CB7-4403-86A2-CE2123D1D96B}.Debug|x64.ActiveCfg = Debug|Any CPU
		{3D213AF1-3CB7-4403-86A2-CE2123D1D96B}.Debug|x64.Build.0 = Debug|Any CPU
		{3D213AF1-3CB7-4403-86A2-CE2123D1D96B}.Debug|x64.Deploy.0 = Debug|Any CPU
		{3D213AF1-3CB7-4403-86A2-CE2123D1D96B}.Debug|x86.ActiveCfg = Debug|Any CPU
		{3D213AF1-3CB7-4403-86A2-CE2123D1D96B}.Debug|x86.Build.0 = Debug|Any CPU
		{3D213AF1-3CB7-4403-86A2-CE2123D1D96B}.Debug|x86.Deploy.0 = Debug|Any CPU
		{3D213AF1-3CB7-4403-86A2-CE2123D1D96B}.Release|Any CPU.ActiveCfg = Release|Any CPU
		{3D213AF1-3CB7-4403-86A2-CE2123D1D96B}.Release|Any CPU.Build.0 = Release|Any CPU
		{3D213AF1-3CB7-4403-86A2-CE2123D1D96B}.Release|Any CPU.Deploy.0 = Release|Any CPU
		{3D213AF1-3CB7-4403-86A2-CE2123D1D96B}.Release|ARM.ActiveCfg = Release|Any CPU
		{3D213AF1-3CB7-4403-86A2-CE2123D1D96B}.Release|ARM.Build.0 = Release|Any CPU
		{3D213AF1-3CB7-4403-86A2-CE2123D1D96B}.Release|ARM.Deploy.0 = Release|Any CPU
		{3D213AF1-3CB7-4403-86A2-CE2123D1D96B}.Release|iPhone.ActiveCfg = Release|Any CPU
		{3D213AF1-3CB7-4403-86A2-CE2123D1D96B}.Release|iPhone.Build.0 = Release|Any CPU
		{3D213AF1-3CB7-4403-86A2-CE2123D1D96B}.Release|iPhone.Deploy.0 = Release|Any CPU
		{3D213AF1-3CB7-4403-86A2-CE2123D1D96B}.Release|iPhoneSimulator.ActiveCfg = Release|Any CPU
		{3D213AF1-3CB7-4403-86A2-CE2123D1D96B}.Release|iPhoneSimulator.Build.0 = Release|Any CPU
		{3D213AF1-3CB7-4403-86A2-CE2123D1D96B}.Release|iPhoneSimulator.Deploy.0 = Release|Any CPU
		{3D213AF1-3CB7-4403-86A2-CE2123D1D96B}.Release|x64.ActiveCfg = Release|Any CPU
		{3D213AF1-3CB7-4403-86A2-CE2123D1D96B}.Release|x64.Build.0 = Release|Any CPU
		{3D213AF1-3CB7-4403-86A2-CE2123D1D96B}.Release|x64.Deploy.0 = Release|Any CPU
		{3D213AF1-3CB7-4403-86A2-CE2123D1D96B}.Release|x86.ActiveCfg = Release|Any CPU
		{3D213AF1-3CB7-4403-86A2-CE2123D1D96B}.Release|x86.Build.0 = Release|Any CPU
		{3D213AF1-3CB7-4403-86A2-CE2123D1D96B}.Release|x86.Deploy.0 = Release|Any CPU
		{CD97A5AB-1B73-44C7-A88A-1F4BED5CC907}.Ad-Hoc|Any CPU.ActiveCfg = Ad-Hoc|iPhone
		{CD97A5AB-1B73-44C7-A88A-1F4BED5CC907}.Ad-Hoc|ARM.ActiveCfg = Ad-Hoc|iPhone
		{CD97A5AB-1B73-44C7-A88A-1F4BED5CC907}.Ad-Hoc|iPhone.ActiveCfg = Ad-Hoc|iPhone
		{CD97A5AB-1B73-44C7-A88A-1F4BED5CC907}.Ad-Hoc|iPhone.Build.0 = Ad-Hoc|iPhone
		{CD97A5AB-1B73-44C7-A88A-1F4BED5CC907}.Ad-Hoc|iPhoneSimulator.ActiveCfg = Ad-Hoc|iPhoneSimulator
		{CD97A5AB-1B73-44C7-A88A-1F4BED5CC907}.Ad-Hoc|iPhoneSimulator.Build.0 = Ad-Hoc|iPhoneSimulator
		{CD97A5AB-1B73-44C7-A88A-1F4BED5CC907}.Ad-Hoc|x64.ActiveCfg = Ad-Hoc|iPhone
		{CD97A5AB-1B73-44C7-A88A-1F4BED5CC907}.Ad-Hoc|x86.ActiveCfg = Ad-Hoc|iPhone
		{CD97A5AB-1B73-44C7-A88A-1F4BED5CC907}.AppStore|Any CPU.ActiveCfg = AppStore|iPhone
		{CD97A5AB-1B73-44C7-A88A-1F4BED5CC907}.AppStore|ARM.ActiveCfg = AppStore|iPhone
		{CD97A5AB-1B73-44C7-A88A-1F4BED5CC907}.AppStore|iPhone.ActiveCfg = AppStore|iPhone
		{CD97A5AB-1B73-44C7-A88A-1F4BED5CC907}.AppStore|iPhone.Build.0 = AppStore|iPhone
		{CD97A5AB-1B73-44C7-A88A-1F4BED5CC907}.AppStore|iPhoneSimulator.ActiveCfg = AppStore|iPhoneSimulator
		{CD97A5AB-1B73-44C7-A88A-1F4BED5CC907}.AppStore|iPhoneSimulator.Build.0 = AppStore|iPhoneSimulator
		{CD97A5AB-1B73-44C7-A88A-1F4BED5CC907}.AppStore|x64.ActiveCfg = AppStore|iPhone
		{CD97A5AB-1B73-44C7-A88A-1F4BED5CC907}.AppStore|x86.ActiveCfg = AppStore|iPhone
		{CD97A5AB-1B73-44C7-A88A-1F4BED5CC907}.Debug|Any CPU.ActiveCfg = Debug|iPhone
		{CD97A5AB-1B73-44C7-A88A-1F4BED5CC907}.Debug|ARM.ActiveCfg = Debug|iPhone
		{CD97A5AB-1B73-44C7-A88A-1F4BED5CC907}.Debug|iPhone.ActiveCfg = Debug|iPhone
		{CD97A5AB-1B73-44C7-A88A-1F4BED5CC907}.Debug|iPhone.Build.0 = Debug|iPhone
		{CD97A5AB-1B73-44C7-A88A-1F4BED5CC907}.Debug|iPhoneSimulator.ActiveCfg = Debug|iPhoneSimulator
		{CD97A5AB-1B73-44C7-A88A-1F4BED5CC907}.Debug|iPhoneSimulator.Build.0 = Debug|iPhoneSimulator
		{CD97A5AB-1B73-44C7-A88A-1F4BED5CC907}.Debug|x64.ActiveCfg = Debug|iPhone
		{CD97A5AB-1B73-44C7-A88A-1F4BED5CC907}.Debug|x86.ActiveCfg = Debug|iPhone
		{CD97A5AB-1B73-44C7-A88A-1F4BED5CC907}.Release|Any CPU.ActiveCfg = Release|iPhone
		{CD97A5AB-1B73-44C7-A88A-1F4BED5CC907}.Release|ARM.ActiveCfg = Release|iPhone
		{CD97A5AB-1B73-44C7-A88A-1F4BED5CC907}.Release|iPhone.ActiveCfg = Release|iPhone
		{CD97A5AB-1B73-44C7-A88A-1F4BED5CC907}.Release|iPhone.Build.0 = Release|iPhone
		{CD97A5AB-1B73-44C7-A88A-1F4BED5CC907}.Release|iPhoneSimulator.ActiveCfg = Release|iPhoneSimulator
		{CD97A5AB-1B73-44C7-A88A-1F4BED5CC907}.Release|iPhoneSimulator.Build.0 = Release|iPhoneSimulator
		{CD97A5AB-1B73-44C7-A88A-1F4BED5CC907}.Release|x64.ActiveCfg = Release|iPhone
		{CD97A5AB-1B73-44C7-A88A-1F4BED5CC907}.Release|x86.ActiveCfg = Release|iPhone
		{BE3E3261-AC57-477B-ADAD-AAB17C1EA741}.Ad-Hoc|Any CPU.ActiveCfg = Release|x86
		{BE3E3261-AC57-477B-ADAD-AAB17C1EA741}.Ad-Hoc|Any CPU.Build.0 = Release|x86
		{BE3E3261-AC57-477B-ADAD-AAB17C1EA741}.Ad-Hoc|Any CPU.Deploy.0 = Release|x86
		{BE3E3261-AC57-477B-ADAD-AAB17C1EA741}.Ad-Hoc|ARM.ActiveCfg = Release|ARM
		{BE3E3261-AC57-477B-ADAD-AAB17C1EA741}.Ad-Hoc|ARM.Build.0 = Release|ARM
		{BE3E3261-AC57-477B-ADAD-AAB17C1EA741}.Ad-Hoc|ARM.Deploy.0 = Release|ARM
		{BE3E3261-AC57-477B-ADAD-AAB17C1EA741}.Ad-Hoc|iPhone.ActiveCfg = Release|x86
		{BE3E3261-AC57-477B-ADAD-AAB17C1EA741}.Ad-Hoc|iPhone.Build.0 = Release|x86
		{BE3E3261-AC57-477B-ADAD-AAB17C1EA741}.Ad-Hoc|iPhone.Deploy.0 = Release|x86
		{BE3E3261-AC57-477B-ADAD-AAB17C1EA741}.Ad-Hoc|iPhoneSimulator.ActiveCfg = Release|x86
		{BE3E3261-AC57-477B-ADAD-AAB17C1EA741}.Ad-Hoc|iPhoneSimulator.Build.0 = Release|x86
		{BE3E3261-AC57-477B-ADAD-AAB17C1EA741}.Ad-Hoc|iPhoneSimulator.Deploy.0 = Release|x86
		{BE3E3261-AC57-477B-ADAD-AAB17C1EA741}.Ad-Hoc|x64.ActiveCfg = Release|x64
		{BE3E3261-AC57-477B-ADAD-AAB17C1EA741}.Ad-Hoc|x64.Build.0 = Release|x64
		{BE3E3261-AC57-477B-ADAD-AAB17C1EA741}.Ad-Hoc|x64.Deploy.0 = Release|x64
		{BE3E3261-AC57-477B-ADAD-AAB17C1EA741}.Ad-Hoc|x86.ActiveCfg = Release|x86
		{BE3E3261-AC57-477B-ADAD-AAB17C1EA741}.Ad-Hoc|x86.Build.0 = Release|x86
		{BE3E3261-AC57-477B-ADAD-AAB17C1EA741}.Ad-Hoc|x86.Deploy.0 = Release|x86
		{BE3E3261-AC57-477B-ADAD-AAB17C1EA741}.AppStore|Any CPU.ActiveCfg = Release|x86
		{BE3E3261-AC57-477B-ADAD-AAB17C1EA741}.AppStore|Any CPU.Build.0 = Release|x86
		{BE3E3261-AC57-477B-ADAD-AAB17C1EA741}.AppStore|Any CPU.Deploy.0 = Release|x86
		{BE3E3261-AC57-477B-ADAD-AAB17C1EA741}.AppStore|ARM.ActiveCfg = Release|ARM
		{BE3E3261-AC57-477B-ADAD-AAB17C1EA741}.AppStore|ARM.Build.0 = Release|ARM
		{BE3E3261-AC57-477B-ADAD-AAB17C1EA741}.AppStore|ARM.Deploy.0 = Release|ARM
		{BE3E3261-AC57-477B-ADAD-AAB17C1EA741}.AppStore|iPhone.ActiveCfg = Release|x86
		{BE3E3261-AC57-477B-ADAD-AAB17C1EA741}.AppStore|iPhone.Build.0 = Release|x86
		{BE3E3261-AC57-477B-ADAD-AAB17C1EA741}.AppStore|iPhone.Deploy.0 = Release|x86
		{BE3E3261-AC57-477B-ADAD-AAB17C1EA741}.AppStore|iPhoneSimulator.ActiveCfg = Release|x86
		{BE3E3261-AC57-477B-ADAD-AAB17C1EA741}.AppStore|iPhoneSimulator.Build.0 = Release|x86
		{BE3E3261-AC57-477B-ADAD-AAB17C1EA741}.AppStore|iPhoneSimulator.Deploy.0 = Release|x86
		{BE3E3261-AC57-477B-ADAD-AAB17C1EA741}.AppStore|x64.ActiveCfg = Release|x64
		{BE3E3261-AC57-477B-ADAD-AAB17C1EA741}.AppStore|x64.Build.0 = Release|x64
		{BE3E3261-AC57-477B-ADAD-AAB17C1EA741}.AppStore|x64.Deploy.0 = Release|x64
		{BE3E3261-AC57-477B-ADAD-AAB17C1EA741}.AppStore|x86.ActiveCfg = Release|x86
		{BE3E3261-AC57-477B-ADAD-AAB17C1EA741}.AppStore|x86.Build.0 = Release|x86
		{BE3E3261-AC57-477B-ADAD-AAB17C1EA741}.AppStore|x86.Deploy.0 = Release|x86
		{BE3E3261-AC57-477B-ADAD-AAB17C1EA741}.Debug|Any CPU.ActiveCfg = Debug|x86
		{BE3E3261-AC57-477B-ADAD-AAB17C1EA741}.Debug|ARM.ActiveCfg = Debug|ARM
		{BE3E3261-AC57-477B-ADAD-AAB17C1EA741}.Debug|ARM.Build.0 = Debug|ARM
		{BE3E3261-AC57-477B-ADAD-AAB17C1EA741}.Debug|ARM.Deploy.0 = Debug|ARM
		{BE3E3261-AC57-477B-ADAD-AAB17C1EA741}.Debug|iPhone.ActiveCfg = Debug|x86
		{BE3E3261-AC57-477B-ADAD-AAB17C1EA741}.Debug|iPhoneSimulator.ActiveCfg = Debug|x86
		{BE3E3261-AC57-477B-ADAD-AAB17C1EA741}.Debug|x64.ActiveCfg = Debug|x64
		{BE3E3261-AC57-477B-ADAD-AAB17C1EA741}.Debug|x64.Build.0 = Debug|x64
		{BE3E3261-AC57-477B-ADAD-AAB17C1EA741}.Debug|x64.Deploy.0 = Debug|x64
		{BE3E3261-AC57-477B-ADAD-AAB17C1EA741}.Debug|x86.ActiveCfg = Debug|x86
		{BE3E3261-AC57-477B-ADAD-AAB17C1EA741}.Debug|x86.Build.0 = Debug|x86
		{BE3E3261-AC57-477B-ADAD-AAB17C1EA741}.Debug|x86.Deploy.0 = Debug|x86
		{BE3E3261-AC57-477B-ADAD-AAB17C1EA741}.Release|Any CPU.ActiveCfg = Release|x86
		{BE3E3261-AC57-477B-ADAD-AAB17C1EA741}.Release|ARM.ActiveCfg = Release|ARM
		{BE3E3261-AC57-477B-ADAD-AAB17C1EA741}.Release|ARM.Build.0 = Release|ARM
		{BE3E3261-AC57-477B-ADAD-AAB17C1EA741}.Release|ARM.Deploy.0 = Release|ARM
		{BE3E3261-AC57-477B-ADAD-AAB17C1EA741}.Release|iPhone.ActiveCfg = Release|x86
		{BE3E3261-AC57-477B-ADAD-AAB17C1EA741}.Release|iPhoneSimulator.ActiveCfg = Release|x86
		{BE3E3261-AC57-477B-ADAD-AAB17C1EA741}.Release|x64.ActiveCfg = Release|x64
		{BE3E3261-AC57-477B-ADAD-AAB17C1EA741}.Release|x64.Build.0 = Release|x64
		{BE3E3261-AC57-477B-ADAD-AAB17C1EA741}.Release|x64.Deploy.0 = Release|x64
		{BE3E3261-AC57-477B-ADAD-AAB17C1EA741}.Release|x86.ActiveCfg = Release|x86
		{BE3E3261-AC57-477B-ADAD-AAB17C1EA741}.Release|x86.Build.0 = Release|x86
		{BE3E3261-AC57-477B-ADAD-AAB17C1EA741}.Release|x86.Deploy.0 = Release|x86
		{83B6CF64-3CF4-4924-B218-36FA2D03BFAD}.Ad-Hoc|Any CPU.ActiveCfg = Release|Any CPU
		{83B6CF64-3CF4-4924-B218-36FA2D03BFAD}.Ad-Hoc|Any CPU.Build.0 = Release|Any CPU
		{83B6CF64-3CF4-4924-B218-36FA2D03BFAD}.Ad-Hoc|ARM.ActiveCfg = Release|Any CPU
		{83B6CF64-3CF4-4924-B218-36FA2D03BFAD}.Ad-Hoc|ARM.Build.0 = Release|Any CPU
		{83B6CF64-3CF4-4924-B218-36FA2D03BFAD}.Ad-Hoc|iPhone.ActiveCfg = Release|Any CPU
		{83B6CF64-3CF4-4924-B218-36FA2D03BFAD}.Ad-Hoc|iPhone.Build.0 = Release|Any CPU
		{83B6CF64-3CF4-4924-B218-36FA2D03BFAD}.Ad-Hoc|iPhoneSimulator.ActiveCfg = Release|Any CPU
		{83B6CF64-3CF4-4924-B218-36FA2D03BFAD}.Ad-Hoc|iPhoneSimulator.Build.0 = Release|Any CPU
		{83B6CF64-3CF4-4924-B218-36FA2D03BFAD}.Ad-Hoc|x64.ActiveCfg = Release|Any CPU
		{83B6CF64-3CF4-4924-B218-36FA2D03BFAD}.Ad-Hoc|x64.Build.0 = Release|Any CPU
		{83B6CF64-3CF4-4924-B218-36FA2D03BFAD}.Ad-Hoc|x86.ActiveCfg = Release|Any CPU
		{83B6CF64-3CF4-4924-B218-36FA2D03BFAD}.Ad-Hoc|x86.Build.0 = Release|Any CPU
		{83B6CF64-3CF4-4924-B218-36FA2D03BFAD}.AppStore|Any CPU.ActiveCfg = Release|Any CPU
		{83B6CF64-3CF4-4924-B218-36FA2D03BFAD}.AppStore|Any CPU.Build.0 = Release|Any CPU
		{83B6CF64-3CF4-4924-B218-36FA2D03BFAD}.AppStore|ARM.ActiveCfg = Release|Any CPU
		{83B6CF64-3CF4-4924-B218-36FA2D03BFAD}.AppStore|ARM.Build.0 = Release|Any CPU
		{83B6CF64-3CF4-4924-B218-36FA2D03BFAD}.AppStore|iPhone.ActiveCfg = Release|Any CPU
		{83B6CF64-3CF4-4924-B218-36FA2D03BFAD}.AppStore|iPhone.Build.0 = Release|Any CPU
		{83B6CF64-3CF4-4924-B218-36FA2D03BFAD}.AppStore|iPhoneSimulator.ActiveCfg = Release|Any CPU
		{83B6CF64-3CF4-4924-B218-36FA2D03BFAD}.AppStore|iPhoneSimulator.Build.0 = Release|Any CPU
		{83B6CF64-3CF4-4924-B218-36FA2D03BFAD}.AppStore|x64.ActiveCfg = Release|Any CPU
		{83B6CF64-3CF4-4924-B218-36FA2D03BFAD}.AppStore|x64.Build.0 = Release|Any CPU
		{83B6CF64-3CF4-4924-B218-36FA2D03BFAD}.AppStore|x86.ActiveCfg = Release|Any CPU
		{83B6CF64-3CF4-4924-B218-36FA2D03BFAD}.AppStore|x86.Build.0 = Release|Any CPU
		{83B6CF64-3CF4-4924-B218-36FA2D03BFAD}.Debug|Any CPU.ActiveCfg = Debug|Any CPU
		{83B6CF64-3CF4-4924-B218-36FA2D03BFAD}.Debug|Any CPU.Build.0 = Debug|Any CPU
		{83B6CF64-3CF4-4924-B218-36FA2D03BFAD}.Debug|ARM.ActiveCfg = Debug|Any CPU
		{83B6CF64-3CF4-4924-B218-36FA2D03BFAD}.Debug|ARM.Build.0 = Debug|Any CPU
		{83B6CF64-3CF4-4924-B218-36FA2D03BFAD}.Debug|iPhone.ActiveCfg = Debug|Any CPU
		{83B6CF64-3CF4-4924-B218-36FA2D03BFAD}.Debug|iPhone.Build.0 = Debug|Any CPU
		{83B6CF64-3CF4-4924-B218-36FA2D03BFAD}.Debug|iPhoneSimulator.ActiveCfg = Debug|Any CPU
		{83B6CF64-3CF4-4924-B218-36FA2D03BFAD}.Debug|iPhoneSimulator.Build.0 = Debug|Any CPU
		{83B6CF64-3CF4-4924-B218-36FA2D03BFAD}.Debug|x64.ActiveCfg = Debug|Any CPU
		{83B6CF64-3CF4-4924-B218-36FA2D03BFAD}.Debug|x64.Build.0 = Debug|Any CPU
		{83B6CF64-3CF4-4924-B218-36FA2D03BFAD}.Debug|x86.ActiveCfg = Debug|Any CPU
		{83B6CF64-3CF4-4924-B218-36FA2D03BFAD}.Debug|x86.Build.0 = Debug|Any CPU
		{83B6CF64-3CF4-4924-B218-36FA2D03BFAD}.Release|Any CPU.ActiveCfg = Release|Any CPU
		{83B6CF64-3CF4-4924-B218-36FA2D03BFAD}.Release|Any CPU.Build.0 = Release|Any CPU
		{83B6CF64-3CF4-4924-B218-36FA2D03BFAD}.Release|ARM.ActiveCfg = Release|Any CPU
		{83B6CF64-3CF4-4924-B218-36FA2D03BFAD}.Release|ARM.Build.0 = Release|Any CPU
		{83B6CF64-3CF4-4924-B218-36FA2D03BFAD}.Release|iPhone.ActiveCfg = Release|Any CPU
		{83B6CF64-3CF4-4924-B218-36FA2D03BFAD}.Release|iPhone.Build.0 = Release|Any CPU
		{83B6CF64-3CF4-4924-B218-36FA2D03BFAD}.Release|iPhoneSimulator.ActiveCfg = Release|Any CPU
		{83B6CF64-3CF4-4924-B218-36FA2D03BFAD}.Release|iPhoneSimulator.Build.0 = Release|Any CPU
		{83B6CF64-3CF4-4924-B218-36FA2D03BFAD}.Release|x64.ActiveCfg = Release|Any CPU
		{83B6CF64-3CF4-4924-B218-36FA2D03BFAD}.Release|x64.Build.0 = Release|Any CPU
		{83B6CF64-3CF4-4924-B218-36FA2D03BFAD}.Release|x86.ActiveCfg = Release|Any CPU
		{83B6CF64-3CF4-4924-B218-36FA2D03BFAD}.Release|x86.Build.0 = Release|Any CPU
	EndGlobalSection
	GlobalSection(SolutionProperties) = preSolution
		HideSolutionNode = FALSE
	EndGlobalSection
EndGlobal
